
Microsoft Visual Studio Solution File, Format Version 12.00
# Visual Studio 2013
VisualStudioVersion = 12.0.21005.1
MinimumVisualStudioVersion = 10.0.40219.1
Project("{FAE04EC0-301F-11D3-BF4B-00C04F79EFBC}") = "Server App", "Server App\Server App.csproj", "{C7B8E190-5181-4094-BE5D-BDFFE7EE10FA}"
EndProject
Project("{FAE04EC0-301F-11D3-BF4B-00C04F79EFBC}") = "Client App", "Client App\Client App.csproj", "{876E17C0-E6D4-45E6-A8D9-9971C1FD2C95}"
EndProject
Global
	GlobalSection(SolutionConfigurationPlatforms) = preSolution
		Debug|Any CPU = Debug|Any CPU
		Release|Any CPU = Release|Any CPU
	EndGlobalSection
	GlobalSection(ProjectConfigurationPlatforms) = postSolution
		{C7B8E190-5181-4094-BE5D-BDFFE7EE10FA}.Debug|Any CPU.ActiveCfg = Debug|Any CPU
		{C7B8E190-5181-4094-BE5D-BDFFE7EE10FA}.Debug|Any CPU.Build.0 = Debug|Any CPU
		{C7B8E190-5181-4094-BE5D-BDFFE7EE10FA}.Release|Any CPU.ActiveCfg = Release|Any CPU
		{C7B8E190-5181-4094-BE5D-BDFFE7EE10FA}.Release|Any CPU.Build.0 = Release|Any CPU
		{876E17C0-E6D4-45E6-A8D9-9971C1FD2C95}.Debug|Any CPU.ActiveCfg = Debug|Any CPU
		{876E17C0-E6D4-45E6-A8D9-9971C1FD2C95}.Debug|Any CPU.Build.0 = Debug|Any CPU
		{876E17C0-E6D4-45E6-A8D9-9971C1FD2C95}.Release|Any CPU.ActiveCfg = Release|Any CPU
		{876E17C0-E6D4-45E6-A8D9-9971C1FD2C95}.Release|Any CPU.Build.0 = Release|Any CPU
	EndGlobalSection
	GlobalSection(SolutionProperties) = preSolution
		HideSolutionNode = FALSE
	EndGlobalSection
EndGlobal
